
Microsoft Visual Studio Solution File, Format Version 12.00
# Visual Studio 15
VisualStudioVersion = 15.0.27703.2047
MinimumVisualStudioVersion = 10.0.40219.1
Project("{FAE04EC0-301F-11D3-BF4B-00C04F79EFBC}") = "Lec23_Continuations", "Lec23_Continuations\Lec23_Continuations.csproj", "{8258950D-32AD-44C6-B4BF-80744E60F654}"
EndProject
Project("{FAE04EC0-301F-11D3-BF4B-00C04F79EFBC}") = "Lec23__2_Continuations", "Lec23__2_Continuations\Lec23__2_Continuations.csproj", "{5DEDFE3C-2F5A-43CE-94D2-CA7C2A2EA362}"
EndProject
Project("{FAE04EC0-301F-11D3-BF4B-00C04F79EFBC}") = "Continuations", "Continuations\Continuations.csproj", "{4165B6F2-19D8-4958-BC97-5C202FC43538}"
EndProject
Project("{FAE04EC0-301F-11D3-BF4B-00C04F79EFBC}") = "Continuations_2", "Continuations_2\Continuations_2.csproj", "{58E79D6D-205D-4D6C-A4DE-42F3E4762208}"
EndProject
Project("{FAE04EC0-301F-11D3-BF4B-00C04F79EFBC}") = "Lec25_ChildTasks", "Lec25_ChildTasks\Lec25_ChildTasks.csproj", "{FEAD0A46-DE57-40C0-918F-B07B8575C0FB}"
EndProject
Project("{FAE04EC0-301F-11D3-BF4B-00C04F79EFBC}") = "ChildTaskTest", "ChildTaskTest\ChildTaskTest.csproj", "{2A89D4BD-6646-4366-8DDC-16EF5E51187C}"
EndProject
Project("{FAE04EC0-301F-11D3-BF4B-00C04F79EFBC}") = "Lec26_Barrier", "Lec26_Barrier\Lec26_Barrier.csproj", "{47B25CD6-E1BC-47D8-BF2D-ED26F3BB65C9}"
EndProject
Project("{FAE04EC0-301F-11D3-BF4B-00C04F79EFBC}") = "BarrierTest", "BarrierTest\BarrierTest.csproj", "{96DFBE54-696E-474E-8990-9BF98907EBAE}"
EndProject
Project("{FAE04EC0-301F-11D3-BF4B-00C04F79EFBC}") = "Lec27_CountdownEvent", "Lec27_CountdownEvent\Lec27_CountdownEvent.csproj", "{BF12E1AF-2FB6-493E-B206-00CCD8484593}"
EndProject
Project("{FAE04EC0-301F-11D3-BF4B-00C04F79EFBC}") = "CountDownEvent", "CountDownEvent\CountDownEvent.csproj", "{DA306437-5765-447F-BD92-564CD46A60DD}"
EndProject
Project("{FAE04EC0-301F-11D3-BF4B-00C04F79EFBC}") = "Lec28_ManualResetEventSlim", "Lec28_ManualResetEventSlim\Lec28_ManualResetEventSlim.csproj", "{82DD45D9-54B5-4BA7-A0E6-B46EBEF56C3E}"
EndProject
Project("{FAE04EC0-301F-11D3-BF4B-00C04F79EFBC}") = "Lec28_2_AutoResetEvent", "Lec28_2_AutoResetEvent\Lec28_2_AutoResetEvent.csproj", "{4E89A1C4-305C-4622-8A1A-3C3CC072037A}"
EndProject
Project("{FAE04EC0-301F-11D3-BF4B-00C04F79EFBC}") = "ManualResetEventSlim", "ManualResetEventSlim\ManualResetEventSlim.csproj", "{508A7D79-35E9-4CF5-B20F-618697B37A4C}"
EndProject
Project("{FAE04EC0-301F-11D3-BF4B-00C04F79EFBC}") = "AutoResetEventTest", "AutoResetEventTest\AutoResetEventTest.csproj", "{DDA9EBB8-B9DE-4A79-B47D-DBEEE3C9D24B}"
EndProject
Project("{FAE04EC0-301F-11D3-BF4B-00C04F79EFBC}") = "Lec29_SemaphoreSlim", "Lec29_SemaphoreSlim\Lec29_SemaphoreSlim.csproj", "{601BF5F6-6349-4A6C-92F6-2F35493C6C64}"
EndProject
Project("{FAE04EC0-301F-11D3-BF4B-00C04F79EFBC}") = "SemaphoreTest", "SemaphoreTest\SemaphoreTest.csproj", "{4C08AC3B-8F9D-4225-9118-2D9EF2DB86CE}"
EndProject
Global
	GlobalSection(SolutionConfigurationPlatforms) = preSolution
		Debug|Any CPU = Debug|Any CPU
		Release|Any CPU = Release|Any CPU
	EndGlobalSection
	GlobalSection(ProjectConfigurationPlatforms) = postSolution
		{8258950D-32AD-44C6-B4BF-80744E60F654}.Debug|Any CPU.ActiveCfg = Debug|Any CPU
		{8258950D-32AD-44C6-B4BF-80744E60F654}.Debug|Any CPU.Build.0 = Debug|Any CPU
		{8258950D-32AD-44C6-B4BF-80744E60F654}.Release|Any CPU.ActiveCfg = Release|Any CPU
		{8258950D-32AD-44C6-B4BF-80744E60F654}.Release|Any CPU.Build.0 = Release|Any CPU
		{5DEDFE3C-2F5A-43CE-94D2-CA7C2A2EA362}.Debug|Any CPU.ActiveCfg = Debug|Any CPU
		{5DEDFE3C-2F5A-43CE-94D2-CA7C2A2EA362}.Debug|Any CPU.Build.0 = Debug|Any CPU
		{5DEDFE3C-2F5A-43CE-94D2-CA7C2A2EA362}.Release|Any CPU.ActiveCfg = Release|Any CPU
		{5DEDFE3C-2F5A-43CE-94D2-CA7C2A2EA362}.Release|Any CPU.Build.0 = Release|Any CPU
		{4165B6F2-19D8-4958-BC97-5C202FC43538}.Debug|Any CPU.ActiveCfg = Debug|Any CPU
		{4165B6F2-19D8-4958-BC97-5C202FC43538}.Debug|Any CPU.Build.0 = Debug|Any CPU
		{4165B6F2-19D8-4958-BC97-5C202FC43538}.Release|Any CPU.ActiveCfg = Release|Any CPU
		{4165B6F2-19D8-4958-BC97-5C202FC43538}.Release|Any CPU.Build.0 = Release|Any CPU
		{58E79D6D-205D-4D6C-A4DE-42F3E4762208}.Debug|Any CPU.ActiveCfg = Debug|Any CPU
		{58E79D6D-205D-4D6C-A4DE-42F3E4762208}.Debug|Any CPU.Build.0 = Debug|Any CPU
		{58E79D6D-205D-4D6C-A4DE-42F3E4762208}.Release|Any CPU.ActiveCfg = Release|Any CPU
		{58E79D6D-205D-4D6C-A4DE-42F3E4762208}.Release|Any CPU.Build.0 = Release|Any CPU
		{FEAD0A46-DE57-40C0-918F-B07B8575C0FB}.Debug|Any CPU.ActiveCfg = Debug|Any CPU
		{FEAD0A46-DE57-40C0-918F-B07B8575C0FB}.Debug|Any CPU.Build.0 = Debug|Any CPU
		{FEAD0A46-DE57-40C0-918F-B07B8575C0FB}.Release|Any CPU.ActiveCfg = Release|Any CPU
		{FEAD0A46-DE57-40C0-918F-B07B8575C0FB}.Release|Any CPU.Build.0 = Release|Any CPU
		{2A89D4BD-6646-4366-8DDC-16EF5E51187C}.Debug|Any CPU.ActiveCfg = Debug|Any CPU
		{2A89D4BD-6646-4366-8DDC-16EF5E51187C}.Debug|Any CPU.Build.0 = Debug|Any CPU
		{2A89D4BD-6646-4366-8DDC-16EF5E51187C}.Release|Any CPU.ActiveCfg = Release|Any CPU
		{2A89D4BD-6646-4366-8DDC-16EF5E51187C}.Release|Any CPU.Build.0 = Release|Any CPU
		{47B25CD6-E1BC-47D8-BF2D-ED26F3BB65C9}.Debug|Any CPU.ActiveCfg = Debug|Any CPU
		{47B25CD6-E1BC-47D8-BF2D-ED26F3BB65C9}.Debug|Any CPU.Build.0 = Debug|Any CPU
		{47B25CD6-E1BC-47D8-BF2D-ED26F3BB65C9}.Release|Any CPU.ActiveCfg = Release|Any CPU
		{47B25CD6-E1BC-47D8-BF2D-ED26F3BB65C9}.Release|Any CPU.Build.0 = Release|Any CPU
		{96DFBE54-696E-474E-8990-9BF98907EBAE}.Debug|Any CPU.ActiveCfg = Debug|Any CPU
		{96DFBE54-696E-474E-8990-9BF98907EBAE}.Debug|Any CPU.Build.0 = Debug|Any CPU
		{96DFBE54-696E-474E-8990-9BF98907EBAE}.Release|Any CPU.ActiveCfg = Release|Any CPU
		{96DFBE54-696E-474E-8990-9BF98907EBAE}.Release|Any CPU.Build.0 = Release|Any CPU
		{BF12E1AF-2FB6-493E-B206-00CCD8484593}.Debug|Any CPU.ActiveCfg = Debug|Any CPU
		{BF12E1AF-2FB6-493E-B206-00CCD8484593}.Debug|Any CPU.Build.0 = Debug|Any CPU
		{BF12E1AF-2FB6-493E-B206-00CCD8484593}.Release|Any CPU.ActiveCfg = Release|Any CPU
		{BF12E1AF-2FB6-493E-B206-00CCD8484593}.Release|Any CPU.Build.0 = Release|Any CPU
		{DA306437-5765-447F-BD92-564CD46A60DD}.Debug|Any CPU.ActiveCfg = Debug|Any CPU
		{DA306437-5765-447F-BD92-564CD46A60DD}.Debug|Any CPU.Build.0 = Debug|Any CPU
		{DA306437-5765-447F-BD92-564CD46A60DD}.Release|Any CPU.ActiveCfg = Release|Any CPU
		{DA306437-5765-447F-BD92-564CD46A60DD}.Release|Any CPU.Build.0 = Release|Any CPU
		{82DD45D9-54B5-4BA7-A0E6-B46EBEF56C3E}.Debug|Any CPU.ActiveCfg = Debug|Any CPU
		{82DD45D9-54B5-4BA7-A0E6-B46EBEF56C3E}.Debug|Any CPU.Build.0 = Debug|Any CPU
		{82DD45D9-54B5-4BA7-A0E6-B46EBEF56C3E}.Release|Any CPU.ActiveCfg = Release|Any CPU
		{82DD45D9-54B5-4BA7-A0E6-B46EBEF56C3E}.Release|Any CPU.Build.0 = Release|Any CPU
		{4E89A1C4-305C-4622-8A1A-3C3CC072037A}.Debug|Any CPU.ActiveCfg = Debug|Any CPU
		{4E89A1C4-305C-4622-8A1A-3C3CC072037A}.Debug|Any CPU.Build.0 = Debug|Any CPU
		{4E89A1C4-305C-4622-8A1A-3C3CC072037A}.Release|Any CPU.ActiveCfg = Release|Any CPU
		{4E89A1C4-305C-4622-8A1A-3C3CC072037A}.Release|Any CPU.Build.0 = Release|Any CPU
		{508A7D79-35E9-4CF5-B20F-618697B37A4C}.Debug|Any CPU.ActiveCfg = Debug|Any CPU
		{508A7D79-35E9-4CF5-B20F-618697B37A4C}.Debug|Any CPU.Build.0 = Debug|Any CPU
		{508A7D79-35E9-4CF5-B20F-618697B37A4C}.Release|Any CPU.ActiveCfg = Release|Any CPU
		{508A7D79-35E9-4CF5-B20F-618697B37A4C}.Release|Any CPU.Build.0 = Release|Any CPU
		{DDA9EBB8-B9DE-4A79-B47D-DBEEE3C9D24B}.Debug|Any CPU.ActiveCfg = Debug|Any CPU
		{DDA9EBB8-B9DE-4A79-B47D-DBEEE3C9D24B}.Debug|Any CPU.Build.0 = Debug|Any CPU
		{DDA9EBB8-B9DE-4A79-B47D-DBEEE3C9D24B}.Release|Any CPU.ActiveCfg = Release|Any CPU
		{DDA9EBB8-B9DE-4A79-B47D-DBEEE3C9D24B}.Release|Any CPU.Build.0 = Release|Any CPU
		{601BF5F6-6349-4A6C-92F6-2F35493C6C64}.Debug|Any CPU.ActiveCfg = Debug|Any CPU
		{601BF5F6-6349-4A6C-92F6-2F35493C6C64}.Debug|Any CPU.Build.0 = Debug|Any CPU
		{601BF5F6-6349-4A6C-92F6-2F35493C6C64}.Release|Any CPU.ActiveCfg = Release|Any CPU
		{601BF5F6-6349-4A6C-92F6-2F35493C6C64}.Release|Any CPU.Build.0 = Release|Any CPU
		{4C08AC3B-8F9D-4225-9118-2D9EF2DB86CE}.Debug|Any CPU.ActiveCfg = Debug|Any CPU
		{4C08AC3B-8F9D-4225-9118-2D9EF2DB86CE}.Debug|Any CPU.Build.0 = Debug|Any CPU
		{4C08AC3B-8F9D-4225-9118-2D9EF2DB86CE}.Release|Any CPU.ActiveCfg = Release|Any CPU
		{4C08AC3B-8F9D-4225-9118-2D9EF2DB86CE}.Release|Any CPU.Build.0 = Release|Any CPU
	EndGlobalSection
	GlobalSection(SolutionProperties) = preSolution
		HideSolutionNode = FALSE
	EndGlobalSection
	GlobalSection(ExtensibilityGlobals) = postSolution
		SolutionGuid = {A90AB377-BC3A-492A-A53D-D7C62230C43C}
	EndGlobalSection
EndGlobal
