
Microsoft Visual Studio Solution File, Format Version 12.00
# Visual Studio 15
VisualStudioVersion = 15.0.27004.2009
MinimumVisualStudioVersion = 10.0.40219.1
Project("{FAE04EC0-301F-11D3-BF4B-00C04F79EFBC}") = "CreatingTask", "CS_ParallelProgramming\CreatingTask.csproj", "{68BD2259-F849-4A3A-81E9-541E7D27680A}"
EndProject
Project("{FAE04EC0-301F-11D3-BF4B-00C04F79EFBC}") = "Testing1", "Testing1\Testing1.csproj", "{860F8DE7-0E8E-4A6E-82B1-F86B80278B45}"
EndProject
Project("{FAE04EC0-301F-11D3-BF4B-00C04F79EFBC}") = "Cancelling Tasks", "Cancelling Tasks\Cancelling Tasks.csproj", "{608F3D0D-3A22-46DC-A1E9-CE7F9345E9AE}"
EndProject
Project("{FAE04EC0-301F-11D3-BF4B-00C04F79EFBC}") = "Test2_Cancelling", "Test2_Cancelling\Test2_Cancelling.csproj", "{55E53720-4AFF-42C0-BABC-5D1F6C895247}"
EndProject
Global
	GlobalSection(SolutionConfigurationPlatforms) = preSolution
		Debug|Any CPU = Debug|Any CPU
		Release|Any CPU = Release|Any CPU
	EndGlobalSection
	GlobalSection(ProjectConfigurationPlatforms) = postSolution
		{68BD2259-F849-4A3A-81E9-541E7D27680A}.Debug|Any CPU.ActiveCfg = Debug|Any CPU
		{68BD2259-F849-4A3A-81E9-541E7D27680A}.Debug|Any CPU.Build.0 = Debug|Any CPU
		{68BD2259-F849-4A3A-81E9-541E7D27680A}.Release|Any CPU.ActiveCfg = Release|Any CPU
		{68BD2259-F849-4A3A-81E9-541E7D27680A}.Release|Any CPU.Build.0 = Release|Any CPU
		{860F8DE7-0E8E-4A6E-82B1-F86B80278B45}.Debug|Any CPU.ActiveCfg = Debug|Any CPU
		{860F8DE7-0E8E-4A6E-82B1-F86B80278B45}.Debug|Any CPU.Build.0 = Debug|Any CPU
		{860F8DE7-0E8E-4A6E-82B1-F86B80278B45}.Release|Any CPU.ActiveCfg = Release|Any CPU
		{860F8DE7-0E8E-4A6E-82B1-F86B80278B45}.Release|Any CPU.Build.0 = Release|Any CPU
		{608F3D0D-3A22-46DC-A1E9-CE7F9345E9AE}.Debug|Any CPU.ActiveCfg = Debug|Any CPU
		{608F3D0D-3A22-46DC-A1E9-CE7F9345E9AE}.Debug|Any CPU.Build.0 = Debug|Any CPU
		{608F3D0D-3A22-46DC-A1E9-CE7F9345E9AE}.Release|Any CPU.ActiveCfg = Release|Any CPU
		{608F3D0D-3A22-46DC-A1E9-CE7F9345E9AE}.Release|Any CPU.Build.0 = Release|Any CPU
		{55E53720-4AFF-42C0-BABC-5D1F6C895247}.Debug|Any CPU.ActiveCfg = Debug|Any CPU
		{55E53720-4AFF-42C0-BABC-5D1F6C895247}.Debug|Any CPU.Build.0 = Debug|Any CPU
		{55E53720-4AFF-42C0-BABC-5D1F6C895247}.Release|Any CPU.ActiveCfg = Release|Any CPU
		{55E53720-4AFF-42C0-BABC-5D1F6C895247}.Release|Any CPU.Build.0 = Release|Any CPU
	EndGlobalSection
	GlobalSection(SolutionProperties) = preSolution
		HideSolutionNode = FALSE
	EndGlobalSection
	GlobalSection(ExtensibilityGlobals) = postSolution
		SolutionGuid = {E1A3A9C4-7506-4791-BE45-A46D9508470D}
	EndGlobalSection
EndGlobal
